Microsoft Visual Studio Solution File, Format Version 12.00
# Visual Studio Version 17
VisualStudioVersion = 17.13.35828.75
MinimumVisualStudioVersion = 10.0.40219.1
Project("{FAE04EC0-301F-11D3-BF4B-00C04F79EFBC}") = "BattleJop.AppHost", "BattleJop.AppHost\BattleJop.AppHost.csproj", "{6E4969EF-A86E-47A1-8F32-FA6A8A6F871C}"
EndProject
Project("{FAE04EC0-301F-11D3-BF4B-00C04F79EFBC}") = "BattleJop.ServiceDefaults", "BattleJop.ServiceDefaults\BattleJop.ServiceDefaults.csproj", "{312619D6-CD63-D1BD-FF08-C738CF46DEC4}"
EndProject
Project("{2150E333-8FDC-42A3-9474-1A3956D46DE8}") = "Api", "Api", "{02EA681E-C7D8-13C7-8484-4AC65E1B71E8}"
EndProject
Project("{2150E333-8FDC-42A3-9474-1A3956D46DE8}") = "Web", "Web", "{369CB01D-A1A7-72D2-AABC-3F0945D148A2}"
EndProject
Project("{FAE04EC0-301F-11D3-BF4B-00C04F79EFBC}") = "BattleJop.Api.Application", "Api\BattleJop.Api.Application\BattleJop.Api.Application.csproj", "{D3E0BEFA-9280-3F31-624C-DEE6FCCFC7BA}"
EndProject
Project("{FAE04EC0-301F-11D3-BF4B-00C04F79EFBC}") = "BattleJop.Api.Core", "Api\BattleJop.Api.Core\BattleJop.Api.Core.csproj", "{85DCDE31-8407-4758-9B7B-842BAF1B45A4}"
EndProject
Project("{FAE04EC0-301F-11D3-BF4B-00C04F79EFBC}") = "BattleJop.Api.Domain", "Api\BattleJop.Api.Domain\BattleJop.Api.Domain.csproj", "{E298BDF7-6AC3-F5A3-DD27-5921AB897422}"
EndProject
Project("{FAE04EC0-301F-11D3-BF4B-00C04F79EFBC}") = "BattleJop.Api.Infrastructure", "Api\BattleJop.Api.Infrastructure\BattleJop.Api.Infrastructure.csproj", "{A6023D4B-DECF-8162-1042-4A7B4218C24F}"
EndProject
Project("{FAE04EC0-301F-11D3-BF4B-00C04F79EFBC}") = "BattleJop.Api.Web", "Api\BattleJop.ApiService\BattleJop.Api.Web.csproj", "{BBD0542B-C702-47A4-9CCE-18AC84689FDB}"
EndProject
Project("{FAE04EC0-301F-11D3-BF4B-00C04F79EFBC}") = "BattleJop.Web", "Web\BattleJop.Web\BattleJop.Web.csproj", "{ED2EECEC-3E3B-E1A0-A4FD-4B46F1D6F2C5}"
EndProject
Project("{FAE04EC0-301F-11D3-BF4B-00C04F79EFBC}") = "BattleJop.Web.Tests", "Web\BattleJop.Tests\BattleJop.Web.Tests.csproj", "{633C9143-6F4F-F412-6739-FFD159E36B27}"
EndProject
Global
	GlobalSection(SolutionConfigurationPlatforms) = preSolution
		Debug|Any CPU = Debug|Any CPU
		Release|Any CPU = Release|Any CPU
	EndGlobalSection
	GlobalSection(ProjectConfigurationPlatforms) = postSolution
		{6E4969EF-A86E-47A1-8F32-FA6A8A6F871C}.Debug|Any CPU.ActiveCfg = Debug|Any CPU
		{6E4969EF-A86E-47A1-8F32-FA6A8A6F871C}.Debug|Any CPU.Build.0 = Debug|Any CPU
		{6E4969EF-A86E-47A1-8F32-FA6A8A6F871C}.Release|Any CPU.ActiveCfg = Release|Any CPU
		{6E4969EF-A86E-47A1-8F32-FA6A8A6F871C}.Release|Any CPU.Build.0 = Release|Any CPU
		{312619D6-CD63-D1BD-FF08-C738CF46DEC4}.Debug|Any CPU.ActiveCfg = Debug|Any CPU
		{312619D6-CD63-D1BD-FF08-C738CF46DEC4}.Debug|Any CPU.Build.0 = Debug|Any CPU
		{312619D6-CD63-D1BD-FF08-C738CF46DEC4}.Release|Any CPU.ActiveCfg = Release|Any CPU
		{312619D6-CD63-D1BD-FF08-C738CF46DEC4}.Release|Any CPU.Build.0 = Release|Any CPU
		{D3E0BEFA-9280-3F31-624C-DEE6FCCFC7BA}.Debug|Any CPU.ActiveCfg = Debug|Any CPU
		{D3E0BEFA-9280-3F31-624C-DEE6FCCFC7BA}.Debug|Any CPU.Build.0 = Debug|Any CPU
		{D3E0BEFA-9280-3F31-624C-DEE6FCCFC7BA}.Release|Any CPU.ActiveCfg = Release|Any CPU
		{D3E0BEFA-9280-3F31-624C-DEE6FCCFC7BA}.Release|Any CPU.Build.0 = Release|Any CPU
		{85DCDE31-8407-4758-9B7B-842BAF1B45A4}.Debug|Any CPU.ActiveCfg = Debug|Any CPU
		{85DCDE31-8407-4758-9B7B-842BAF1B45A4}.Debug|Any CPU.Build.0 = Debug|Any CPU
		{85DCDE31-8407-4758-9B7B-842BAF1B45A4}.Release|Any CPU.ActiveCfg = Release|Any CPU
		{85DCDE31-8407-4758-9B7B-842BAF1B45A4}.Release|Any CPU.Build.0 = Release|Any CPU
		{E298BDF7-6AC3-F5A3-DD27-5921AB897422}.Debug|Any CPU.ActiveCfg = Debug|Any CPU
		{E298BDF7-6AC3-F5A3-DD27-5921AB897422}.Debug|Any CPU.Build.0 = Debug|Any CPU
		{E298BDF7-6AC3-F5A3-DD27-5921AB897422}.Release|Any CPU.ActiveCfg = Release|Any CPU
		{E298BDF7-6AC3-F5A3-DD27-5921AB897422}.Release|Any CPU.Build.0 = Release|Any CPU
		{A6023D4B-DECF-8162-1042-4A7B4218C24F}.Debug|Any CPU.ActiveCfg = Debug|Any CPU
		{A6023D4B-DECF-8162-1042-4A7B4218C24F}.Debug|Any CPU.Build.0 = Debug|Any CPU
		{A6023D4B-DECF-8162-1042-4A7B4218C24F}.Release|Any CPU.ActiveCfg = Release|Any CPU
		{A6023D4B-DECF-8162-1042-4A7B4218C24F}.Release|Any CPU.Build.0 = Release|Any CPU
		{BBD0542B-C702-47A4-9CCE-18AC84689FDB}.Debug|Any CPU.ActiveCfg = Debug|Any CPU
		{BBD0542B-C702-47A4-9CCE-18AC84689FDB}.Debug|Any CPU.Build.0 = Debug|Any CPU
		{BBD0542B-C702-47A4-9CCE-18AC84689FDB}.Release|Any CPU.ActiveCfg = Release|Any CPU
		{BBD0542B-C702-47A4-9CCE-18AC84689FDB}.Release|Any CPU.Build.0 = Release|Any CPU
		{ED2EECEC-3E3B-E1A0-A4FD-4B46F1D6F2C5}.Debug|Any CPU.ActiveCfg = Debug|Any CPU
		{ED2EECEC-3E3B-E1A0-A4FD-4B46F1D6F2C5}.Debug|Any CPU.Build.0 = Debug|Any CPU
		{ED2EECEC-3E3B-E1A0-A4FD-4B46F1D6F2C5}.Release|Any CPU.ActiveCfg = Release|Any CPU
		{ED2EECEC-3E3B-E1A0-A4FD-4B46F1D6F2C5}.Release|Any CPU.Build.0 = Release|Any CPU
		{633C9143-6F4F-F412-6739-FFD159E36B27}.Debug|Any CPU.ActiveCfg = Debug|Any CPU
		{633C9143-6F4F-F412-6739-FFD159E36B27}.Debug|Any CPU.Build.0 = Debug|Any CPU
		{633C9143-6F4F-F412-6739-FFD159E36B27}.Release|Any CPU.ActiveCfg = Release|Any CPU
		{633C9143-6F4F-F412-6739-FFD159E36B27}.Release|Any CPU.Build.0 = Release|Any CPU
	EndGlobalSection
	GlobalSection(SolutionProperties) = preSolution
		HideSolutionNode = FALSE
	EndGlobalSection
	GlobalSection(NestedProjects) = preSolution
		{D3E0BEFA-9280-3F31-624C-DEE6FCCFC7BA} = {02EA681E-C7D8-13C7-8484-4AC65E1B71E8}
		{85DCDE31-8407-4758-9B7B-842BAF1B45A4} = {02EA681E-C7D8-13C7-8484-4AC65E1B71E8}
		{E298BDF7-6AC3-F5A3-DD27-5921AB897422} = {02EA681E-C7D8-13C7-8484-4AC65E1B71E8}
		{A6023D4B-DECF-8162-1042-4A7B4218C24F} = {02EA681E-C7D8-13C7-8484-4AC65E1B71E8}
		{BBD0542B-C702-47A4-9CCE-18AC84689FDB} = {02EA681E-C7D8-13C7-8484-4AC65E1B71E8}
		{ED2EECEC-3E3B-E1A0-A4FD-4B46F1D6F2C5} = {369CB01D-A1A7-72D2-AABC-3F0945D148A2}
		{633C9143-6F4F-F412-6739-FFD159E36B27} = {369CB01D-A1A7-72D2-AABC-3F0945D148A2}
	EndGlobalSection
	GlobalSection(ExtensibilityGlobals) = postSolution
		SolutionGuid = {AC99DB79-C770-4A58-BDC2-5BFFE269D163}
	EndGlobalSection
EndGlobal
